{
  "name": "workspace-hub-docker",
  "version": "1.0.0",
  "lockfileVersion": 3,
  "requires": true,
  "packages": {
    "": {
      "name": "workspace-hub-docker",
      "version": "1.0.0",
      "license": "ISC",
      "bin": {
        "workspace-hub-docker": "bin/workspace-hub-docker.js"
      },
      "engines": {
        "node": ">=18"
      }
    }
  }
}
